[[package]]
name = "maturin"
version = "0.11.5"
description = "Build and publish crates with pyo3, rust-cpython and cffi bindings as well as rust binaries as python packages"
category = "main"
optional = false
python-versions = ">=3.6"

[package.dependencies]
toml = ">=0.10.2,<0.11.0"

[[package]]
name = "toml"
version = "0.10.2"
description = "Python Library for Tom's Obvious, Minimal Language"
category = "main"
optional = false
python-versions = ">=2.6, !=3.0.*, !=3.1.*, !=3.2.*"

[metadata]
lock-version = "1.1"
python-versions = "^3.9"
content-hash = "96689b6cae5af728adaa5c309e84d4128e08913579e033a7bfdf567d284a6f91"

[metadata.files]
maturin = [
    {file = "maturin-0.11.5-py3-none-macosx_10_7_x86_64.whl", hash = "sha256:d78f24561a5e02f7d119b348b26e5772ad5698a43ca49e8facb9ce77cf273714"},
    {file = "maturin-0.11.5-py3-none-macosx_10_9_x86_64.macosx_11_0_arm64.macosx_10_9_universal2.whl", hash = "sha256:c2ded8b4ef9210d627bb966bc67661b7db259535f6062afe1ce5605406b50f3f"},
    {file = "maturin-0.11.5-py3-none-manylinux_2_12_i686.manylinux2010_i686.whl", hash = "sha256:1ce666c386ff9c3c2b5d7d3ca4b1f9f675c38d7540ffbda0d5d5bc7d6ddde49a"},
    {file = "maturin-0.11.5-py3-none-manylinux_2_17_aarch64.manylinux2014_aarch64.whl", hash = "sha256:b0ac45879a7d624b47d72b093ae3370270894c19779f42aad7568a92951c5d47"},
    {file = "maturin-0.11.5-py3-none-manylinux_2_17_armv7l.manylinux2014_armv7l.whl", hash = "sha256:4191b0b7362b3025096faf126ff15cb682fbff324ac4a6ca18d55bb16e2b759b"},
    {file = "maturin-0.11.5-py3-none-manylinux_2_17_ppc64le.manylinux2014_ppc64le.whl", hash = "sha256:7bf96e7586bfdb5b0fadc6d662534b8a41123b33dff084fa383a81ded0ce5334"},
    {file = "maturin-0.11.5-py3-none-manylinux_2_17_s390x.manylinux2014_s390x.whl", hash = "sha256:ab2b3ccf66f5e0f9c3904d215835337b1bd305e79e3bf53b65bbc80a5755e01b"},
    {file = "maturin-0.11.5-py3-none-manylinux_2_5_x86_64.manylinux1_x86_64.whl", hash = "sha256:3354d030b88c938a33bf407a6c0f79ccdd2cce3e1e3e4a2d0c92dc2e063adc6e"},
    {file = "maturin-0.11.5-py3-none-win32.whl", hash = "sha256:20f9c30701c9932ed8026ceaf896fc77ecc76cebd6a182668dbc10ed597f8789"},
    {file = "maturin-0.11.5-py3-none-win_amd64.whl", hash = "sha256:70381be1585cb9fa5c02b83af80ae661aaad959e8aa0fddcfe195b004054bd69"},
    {file = "maturin-0.11.5.tar.gz", hash = "sha256:07074778b063a439fdfd5501bd1d1823a216ec5b657d3ecde78fd7f2c4782422"},
]
toml = [
    {file = "toml-0.10.2-py2.py3-none-any.whl", hash = "sha256:806143ae5bfb6a3c6e736a764057db0e6a0e05e338b5630894a5f779cabb4f9b"},
    {file = "toml-0.10.2.tar.gz", hash = "sha256:b3bda1d108d5dd99f4a20d24d9c348e91c4db7ab1b749200bded2f839ccbe68f"},
]
